
Microsoft Visual Studio Solution File, Format Version 12.00
# Visual Studio 2013
VisualStudioVersion = 12.0.21005.1
MinimumVisualStudioVersion = 10.0.40219.1
Project("{2150E333-8FDC-42A3-9474-1A3956D46DE8}") = "Tools", "Tools", "{68A4439C-7B88-44F7-A260-EEF9E10BBF4E}"
EndProject
Project("{2150E333-8FDC-42A3-9474-1A3956D46DE8}") = "Lib", "Lib", "{CB87CEF9-6D2D-46CF-9C95-1EA94A654C0F}"
EndProject
Project("{8BC9CEB8-8B4A-11D0-8D11-00A0C91BC942}") = "caffe.lib", "caffe\MSVC\caffelib.vcxproj", "{7F271127-D68A-4B9B-ACCE-1369394ED6E5}"
EndProject
Project("{8BC9CEB8-8B4A-11D0-8D11-00A0C91BC942}") = "caffe.managed", "caffe\MSVC\caffe.managed\caffe.managed.vcxproj", "{350020CA-75B9-425E-85CA-DD8CF8CFBA9B}"
EndProject
Project("{8BC9CEB8-8B4A-11D0-8D11-00A0C91BC942}") = "caffe.native", "caffe\MSVC\caffe.native\caffe.native.vcxproj", "{214F9422-476A-4B18-83A5-2E1FD5D57AC7}"
EndProject
Project("{2150E333-8FDC-42A3-9474-1A3956D46DE8}") = "Caffe", "Caffe", "{373C5585-E6E1-46D9-907B-037C5C0DFEAC}"
EndProject
Project("{FAE04EC0-301F-11D3-BF4B-00C04F79EFBC}") = "FaceRecognitionLib", "src\FaceRecognitionLib\FaceRecognitionLib.csproj", "{076D0001-5E3B-45E7-B852-D60AA909E59C}"
EndProject
Project("{8BC9CEB8-8B4A-11D0-8D11-00A0C91BC942}") = "FaceRecognitionLib.Native", "src\FaceRecognitionLib.Native\FaceRecognitionLib.Native.vcxproj", "{D15278C6-6E14-4F4C-AC5C-E7C4BDDBDEFD}"
EndProject
Project("{FAE04EC0-301F-11D3-BF4B-00C04F79EFBC}") = "CmdParser", "src\CmdParser\CmdParser.csproj", "{5F0E7B5B-5924-4F2A-8CFE-D016003997D0}"
EndProject
Project("{FAE04EC0-301F-11D3-BF4B-00C04F79EFBC}") = "FaceRecognition", "src\FaceRecognition\FaceRecognition.csproj", "{DDA9D911-F8CB-4A7A-AE99-7DDE797B5F67}"
EndProject
Project("{FAE04EC0-301F-11D3-BF4B-00C04F79EFBC}") = "ImageDownloader", "src\ImageDownloader\ImageDownloader.csproj", "{E3B2891E-0C41-4438-BBD3-640CC27B36BF}"
EndProject
Project("{FAE04EC0-301F-11D3-BF4B-00C04F79EFBC}") = "TsvImage", "src\TsvImage\TsvImage.csproj", "{BECF124C-938A-48C7-A389-E2CB7E36C483}"
EndProject
Global
	GlobalSection(SolutionConfigurationPlatforms) = preSolution
		Debug|x64 = Debug|x64
		Release|x64 = Release|x64
	EndGlobalSection
	GlobalSection(ProjectConfigurationPlatforms) = postSolution
		{7F271127-D68A-4B9B-ACCE-1369394ED6E5}.Debug|x64.ActiveCfg = Debug|x64
		{7F271127-D68A-4B9B-ACCE-1369394ED6E5}.Debug|x64.Build.0 = Debug|x64
		{7F271127-D68A-4B9B-ACCE-1369394ED6E5}.Release|x64.ActiveCfg = Release|x64
		{7F271127-D68A-4B9B-ACCE-1369394ED6E5}.Release|x64.Build.0 = Release|x64
		{350020CA-75B9-425E-85CA-DD8CF8CFBA9B}.Debug|x64.ActiveCfg = Debug|x64
		{350020CA-75B9-425E-85CA-DD8CF8CFBA9B}.Debug|x64.Build.0 = Debug|x64
		{350020CA-75B9-425E-85CA-DD8CF8CFBA9B}.Release|x64.ActiveCfg = Release|x64
		{350020CA-75B9-425E-85CA-DD8CF8CFBA9B}.Release|x64.Build.0 = Release|x64
		{214F9422-476A-4B18-83A5-2E1FD5D57AC7}.Debug|x64.ActiveCfg = Debug|x64
		{214F9422-476A-4B18-83A5-2E1FD5D57AC7}.Debug|x64.Build.0 = Debug|x64
		{214F9422-476A-4B18-83A5-2E1FD5D57AC7}.Release|x64.ActiveCfg = Release|x64
		{214F9422-476A-4B18-83A5-2E1FD5D57AC7}.Release|x64.Build.0 = Release|x64
		{076D0001-5E3B-45E7-B852-D60AA909E59C}.Debug|x64.ActiveCfg = Debug|x64
		{076D0001-5E3B-45E7-B852-D60AA909E59C}.Debug|x64.Build.0 = Debug|x64
		{076D0001-5E3B-45E7-B852-D60AA909E59C}.Release|x64.ActiveCfg = Release|x64
		{076D0001-5E3B-45E7-B852-D60AA909E59C}.Release|x64.Build.0 = Release|x64
		{D15278C6-6E14-4F4C-AC5C-E7C4BDDBDEFD}.Debug|x64.ActiveCfg = Debug|x64
		{D15278C6-6E14-4F4C-AC5C-E7C4BDDBDEFD}.Debug|x64.Build.0 = Debug|x64
		{D15278C6-6E14-4F4C-AC5C-E7C4BDDBDEFD}.Release|x64.ActiveCfg = Release|x64
		{D15278C6-6E14-4F4C-AC5C-E7C4BDDBDEFD}.Release|x64.Build.0 = Release|x64
		{5F0E7B5B-5924-4F2A-8CFE-D016003997D0}.Debug|x64.ActiveCfg = Debug|x64
		{5F0E7B5B-5924-4F2A-8CFE-D016003997D0}.Debug|x64.Build.0 = Debug|x64
		{5F0E7B5B-5924-4F2A-8CFE-D016003997D0}.Release|x64.ActiveCfg = Release|x64
		{5F0E7B5B-5924-4F2A-8CFE-D016003997D0}.Release|x64.Build.0 = Release|x64
		{DDA9D911-F8CB-4A7A-AE99-7DDE797B5F67}.Debug|x64.ActiveCfg = Debug|x64
		{DDA9D911-F8CB-4A7A-AE99-7DDE797B5F67}.Debug|x64.Build.0 = Debug|x64
		{DDA9D911-F8CB-4A7A-AE99-7DDE797B5F67}.Release|x64.ActiveCfg = Release|x64
		{DDA9D911-F8CB-4A7A-AE99-7DDE797B5F67}.Release|x64.Build.0 = Release|x64
		{E3B2891E-0C41-4438-BBD3-640CC27B36BF}.Debug|x64.ActiveCfg = Debug|x64
		{E3B2891E-0C41-4438-BBD3-640CC27B36BF}.Debug|x64.Build.0 = Debug|x64
		{E3B2891E-0C41-4438-BBD3-640CC27B36BF}.Release|x64.ActiveCfg = Release|x64
		{E3B2891E-0C41-4438-BBD3-640CC27B36BF}.Release|x64.Build.0 = Release|x64
		{BECF124C-938A-48C7-A389-E2CB7E36C483}.Debug|x64.ActiveCfg = Debug|x64
		{BECF124C-938A-48C7-A389-E2CB7E36C483}.Debug|x64.Build.0 = Debug|x64
		{BECF124C-938A-48C7-A389-E2CB7E36C483}.Release|x64.ActiveCfg = Release|x64
		{BECF124C-938A-48C7-A389-E2CB7E36C483}.Release|x64.Build.0 = Release|x64
	EndGlobalSection
	GlobalSection(SolutionProperties) = preSolution
		HideSolutionNode = FALSE
	EndGlobalSection
	GlobalSection(NestedProjects) = preSolution
		{DDA9D911-F8CB-4A7A-AE99-7DDE797B5F67} = {68A4439C-7B88-44F7-A260-EEF9E10BBF4E}
		{E3B2891E-0C41-4438-BBD3-640CC27B36BF} = {68A4439C-7B88-44F7-A260-EEF9E10BBF4E}
		{BECF124C-938A-48C7-A389-E2CB7E36C483} = {68A4439C-7B88-44F7-A260-EEF9E10BBF4E}
		{076D0001-5E3B-45E7-B852-D60AA909E59C} = {CB87CEF9-6D2D-46CF-9C95-1EA94A654C0F}
		{D15278C6-6E14-4F4C-AC5C-E7C4BDDBDEFD} = {CB87CEF9-6D2D-46CF-9C95-1EA94A654C0F}
		{5F0E7B5B-5924-4F2A-8CFE-D016003997D0} = {CB87CEF9-6D2D-46CF-9C95-1EA94A654C0F}
		{350020CA-75B9-425E-85CA-DD8CF8CFBA9B} = {373C5585-E6E1-46D9-907B-037C5C0DFEAC}
		{214F9422-476A-4B18-83A5-2E1FD5D57AC7} = {373C5585-E6E1-46D9-907B-037C5C0DFEAC}
		{7F271127-D68A-4B9B-ACCE-1369394ED6E5} = {373C5585-E6E1-46D9-907B-037C5C0DFEAC}
	EndGlobalSection
EndGlobal
